{
  "originHash" : "df6f9f732844b0972717d47a5bbec3cc0c002925790bac308e8a6838c585cbac",
  "pins" : [
    {
      "identity" : "foldkernel",
      "kind" : "remoteSourceControl",
      "location" : "https://github.com/zeropoet/FoldKernel.git",
      "state" : {
        "revision" : "74bc5ec48fb2ba4ccee97ab40f751801830676f8",
        "version" : "1.0.4"
      }
    },
    {
      "identity" : "swift-syntax",
      "kind" : "remoteSourceControl",
      "location" : "https://github.com/swiftlang/swift-syntax.git",
      "state" : {
        "revision" : "f99ae8aa18f0cf0d53481901f88a0991dc3bd4a2",
        "version" : "601.0.1"
      }
    },
    {
      "identity" : "swift-testing",
      "kind" : "remoteSourceControl",
      "location" : "https://github.com/swiftlang/swift-testing.git",
      "state" : {
        "branch" : "swift-6.1.2-RELEASE",
        "revision" : "d6b70f9ef9eb207729fb50e0ff32edc6f72ea474"
      }
    }
  ],
  "version" : 3
}
